
Microsoft Visual Studio Solution File, Format Version 12.00
# Visual Studio 15
VisualStudioVersion = 15.0.28307.102
MinimumVisualStudioVersion = 10.0.40219.1
Project("{FAE04EC0-301F-11D3-BF4B-00C04F79EFBC}") = "SoftUni6", "SoftUni6\SoftUni6.csproj", "{1F9B226D-68BF-4BDC-B6AE-E762F14C1B06}"
EndProject
Project("{FAE04EC0-301F-11D3-BF4B-00C04F79EFBC}") = "SoftUni6.1", "SoftUni6.1\SoftUni6.1.csproj", "{ABE6C19E-F668-4839-A703-1691B3085ADD}"
EndProject
Project("{FAE04EC0-301F-11D3-BF4B-00C04F79EFBC}") = "SoftUni6.2", "SoftUni6.2\SoftUni6.2.csproj", "{78DB8498-7C01-44EC-9C0F-C8ADDE516F83}"
EndProject
Project("{FAE04EC0-301F-11D3-BF4B-00C04F79EFBC}") = "SoftUni6.3", "SoftUni6.3\SoftUni6.3.csproj", "{01B9AA5E-CCD3-41D2-8C43-8075250F0598}"
EndProject
Project("{FAE04EC0-301F-11D3-BF4B-00C04F79EFBC}") = "SoftUni6.4", "SoftUni6.4\SoftUni6.4.csproj", "{66936885-54A7-4D18-A28F-39FE6651DC13}"
EndProject
Global
	GlobalSection(SolutionConfigurationPlatforms) = preSolution
		Debug|Any CPU = Debug|Any CPU
		Release|Any CPU = Release|Any CPU
	EndGlobalSection
	GlobalSection(ProjectConfigurationPlatforms) = postSolution
		{1F9B226D-68BF-4BDC-B6AE-E762F14C1B06}.Debug|Any CPU.ActiveCfg = Debug|Any CPU
		{1F9B226D-68BF-4BDC-B6AE-E762F14C1B06}.Debug|Any CPU.Build.0 = Debug|Any CPU
		{1F9B226D-68BF-4BDC-B6AE-E762F14C1B06}.Release|Any CPU.ActiveCfg = Release|Any CPU
		{1F9B226D-68BF-4BDC-B6AE-E762F14C1B06}.Release|Any CPU.Build.0 = Release|Any CPU
		{ABE6C19E-F668-4839-A703-1691B3085ADD}.Debug|Any CPU.ActiveCfg = Debug|Any CPU
		{ABE6C19E-F668-4839-A703-1691B3085ADD}.Debug|Any CPU.Build.0 = Debug|Any CPU
		{ABE6C19E-F668-4839-A703-1691B3085ADD}.Release|Any CPU.ActiveCfg = Release|Any CPU
		{ABE6C19E-F668-4839-A703-1691B3085ADD}.Release|Any CPU.Build.0 = Release|Any CPU
		{78DB8498-7C01-44EC-9C0F-C8ADDE516F83}.Debug|Any CPU.ActiveCfg = Debug|Any CPU
		{78DB8498-7C01-44EC-9C0F-C8ADDE516F83}.Debug|Any CPU.Build.0 = Debug|Any CPU
		{78DB8498-7C01-44EC-9C0F-C8ADDE516F83}.Release|Any CPU.ActiveCfg = Release|Any CPU
		{78DB8498-7C01-44EC-9C0F-C8ADDE516F83}.Release|Any CPU.Build.0 = Release|Any CPU
		{01B9AA5E-CCD3-41D2-8C43-8075250F0598}.Debug|Any CPU.ActiveCfg = Debug|Any CPU
		{01B9AA5E-CCD3-41D2-8C43-8075250F0598}.Debug|Any CPU.Build.0 = Debug|Any CPU
		{01B9AA5E-CCD3-41D2-8C43-8075250F0598}.Release|Any CPU.ActiveCfg = Release|Any CPU
		{01B9AA5E-CCD3-41D2-8C43-8075250F0598}.Release|Any CPU.Build.0 = Release|Any CPU
		{66936885-54A7-4D18-A28F-39FE6651DC13}.Debug|Any CPU.ActiveCfg = Debug|Any CPU
		{66936885-54A7-4D18-A28F-39FE6651DC13}.Debug|Any CPU.Build.0 = Debug|Any CPU
		{66936885-54A7-4D18-A28F-39FE6651DC13}.Release|Any CPU.ActiveCfg = Release|Any CPU
		{66936885-54A7-4D18-A28F-39FE6651DC13}.Release|Any CPU.Build.0 = Release|Any CPU
	EndGlobalSection
	GlobalSection(SolutionProperties) = preSolution
		HideSolutionNode = FALSE
	EndGlobalSection
	GlobalSection(ExtensibilityGlobals) = postSolution
		SolutionGuid = {E401095F-F549-4A5E-A47E-5D7B0A46548A}
	EndGlobalSection
EndGlobal
